PODS:
  - Capacitor (3.0.0):
    - CapacitorCordova
  - CapacitorCordova (3.0.0)
  - LDSwiftEventSource (1.2.1)

DEPENDENCIES:
  - "Capacitor (from `../node_modules/@capacitor/ios`)"
  - "CapacitorCordova (from `../node_modules/@capacitor/ios`)"
  - LDSwiftEventSource

SPEC REPOS:
  trunk:
    - LDSwiftEventSource

EXTERNAL SOURCES:
  Capacitor:
    :path: "../node_modules/@capacitor/ios"
  CapacitorCordova:
    :path: "../node_modules/@capacitor/ios"

SPEC CHECKSUMS:
  Capacitor: 06cd8cd01340f5b162e9528bf5569d87a6f29009
  CapacitorCordova: 183c8d1af3851da6d7a371f273462c8e64e15464
  LDSwiftEventSource: 4f48b8d123032c64073a0fabc2d2ce60da27f820

PODFILE CHECKSUM: 1d170f3f954b0964c2637bc6e2434921ea39ea37

COCOAPODS: 1.10.1
