PODS:
  - Capacitor (2.4.0):
    - CapacitorCordova
  - CapacitorCordova (2.4.0)
  - DarklyEventSource (4.1.0)

DEPENDENCIES:
  - "Capacitor (from `../node_modules/@capacitor/ios`)"
  - "CapacitorCordova (from `../node_modules/@capacitor/ios`)"
  - DarklyEventSource

SPEC REPOS:
  trunk:
    - DarklyEventSource

EXTERNAL SOURCES:
  Capacitor:
    :path: "../node_modules/@capacitor/ios"
  CapacitorCordova:
    :path: "../node_modules/@capacitor/ios"

SPEC CHECKSUMS:
  Capacitor: 0bc38985fc7744924a8e1d72a53b11e93f53adb5
  CapacitorCordova: ffb86bd6630220cf94a63306a72f13c653fb43aa
  DarklyEventSource: 71645100c07b7b6f57c4d62227bca3cf3a9b7796

PODFILE CHECKSUM: b44735434693508745f1f9c2b546ebd9af869afb

COCOAPODS: 1.9.3
